// !$*UTF8*$!
{
	archiveVersion = 1;
	classes = {
	};
	objectVersion = 46;
	objects = {

/* Begin PBXBuildFile section */
		01BE26391DDB638500DABA3E /* main.m in Sources */ = {isa = PBXBuildFile; fileRef = 01BE26381DDB638500DABA3E /* main.m */; };
		01BE263C1DDB638500DABA3E /* AppDelegate.m in Sources */ = {isa = PBXBuildFile; fileRef = 01BE263B1DDB638500DABA3E /* AppDelegate.m */; };
		01BE263F1DDB638500DABA3E /* ViewController.m in Sources */ = {isa = PBXBuildFile; fileRef = 01BE263E1DDB638500DABA3E /* ViewController.m */; };
		01BE26421DDB638500DABA3E /* Main.storyboard in Resources */ = {isa = PBXBuildFile; fileRef = 01BE26401DDB638500DABA3E /* Main.storyboard */; };
		01BE26441DDB638500DABA3E /* Assets.xcassets in Resources */ = {isa = PBXBuildFile; fileRef = 01BE26431DDB638500DABA3E /* Assets.xcassets */; };
		01BE26471DDB638500DABA3E /* LaunchScreen.storyboard in Resources */ = {isa = PBXBuildFile; fileRef = 01BE26451DDB638500DABA3E /* LaunchScreen.storyboard */; };
/* End PBXBuildFile section */

/* Begin PBXFileReference section */
		01BE26341DDB638500DABA3E /* MarvelQuiz.app */ = {isa = PBXFileReference; explicitFileType = wrapper.application; includeInIndex = 0; path = MarvelQuiz.app; sourceTree = BUILT_PRODUCTS_DIR; };
		01BE26381DDB638500DABA3E /* main.m */ = {isa = PBXFileReference; lastKnownFileType = sourcecode.c.objc; path = main.m; sourceTree = "<group>"; };
		01BE263A1DDB638500DABA3E /* AppDelegate.h */ = {isa = PBXFileReference; lastKnownFileType = sourcecode.c.h; path = AppDelegate.h; sourceTree = "<group>"; };
		01BE263B1DDB638500DABA3E /* AppDelegate.m */ = {isa = PBXFileReference; lastKnownFileType = sourcecode.c.objc; path = AppDelegate.m; sourceTree = "<group>"; };
		01BE263D1DDB638500DABA3E /* ViewController.h */ = {isa = PBXFileReference; lastKnownFileType = sourcecode.c.h; path = ViewController.h; sourceTree = "<group>"; };
		01BE263E1DDB638500DABA3E /* ViewController.m */ = {isa = PBXFileReference; lastKnownFileType = sourcecode.c.objc; path = ViewController.m; sourceTree = "<group>"; };
		01BE26411DDB638500DABA3E /* Base */ = {isa = PBXFileReference; lastKnownFileType = file.storyboard; name = Base; path = Base.lproj/Main.storyboard; sourceTree = "<group>"; };
		01BE26431DDB638500DABA3E /* Assets.xcassets */ = {isa = PBXFileReference; lastKnownFileType = folder.assetcatalog; path = Assets.xcassets; sourceTree = "<group>"; };
		01BE26461DDB638500DABA3E /* Base */ = {isa = PBXFileReference; lastKnownFileType = file.storyboard; name = Base; path = Base.lproj/LaunchScreen.storyboard; sourceTree = "<group>"; };
		01BE26481DDB638500DABA3E /* Info.plist */ = {isa = PBXFileReference; lastKnownFileType = text.plist.xml; path = Info.plist; sourceTree = "<group>"; };
/* End PBXFileReference section */

/* Begin PBXFrameworksBuildPhase section */
		01BE26311DDB638500DABA3E /* Frameworks */ = {
			isa = PBXFrameworksBuildPhase;
			buildActionMask = 2147483647;
			files = (
			);
			runOnlyForDeploymentPostprocessing = 0;
		};
/* End PBXFrameworksBuildPhase section */

/* Begin PBXGroup section */
		01BE262B1DDB638500DABA3E = {
			isa = PBXGroup;
			children = (
				01BE26361DDB638500DABA3E /* MarvelQuiz */,
				01BE26351DDB638500DABA3E /* Products */,
			);
			sourceTree = "<group>";
		};
		01BE26351DDB638500DABA3E /* Products */ = {
			isa = PBXGroup;
			children = (
				01BE26341DDB638500DABA3E /* MarvelQuiz.app */,
			);
			name = Products;
			sourceTree = "<group>";
		};
		01BE26361DDB638500DABA3E /* MarvelQuiz */ = {
			isa = PBXGroup;
			children = (
				01BE263A1DDB638500DABA3E /* AppDelegate.h */,
				01BE263B1DDB638500DABA3E /* AppDelegate.m */,
				01BE263D1DDB638500DABA3E /* ViewController.h */,
				01BE263E1DDB638500DABA3E /* ViewController.m */,
				01BE26401DDB638500DABA3E /* Main.storyboard */,
				01BE26431DDB638500DABA3E /* Assets.xcassets */,
				01BE26451DDB638500DABA3E /* LaunchScreen.storyboard */,
				01BE26481DDB638500DABA3E /* Info.plist */,
				01BE26371DDB638500DABA3E /* Supporting Files */,
			);
			path = MarvelQuiz;
			sourceTree = "<group>";
		};
		01BE26371DDB638500DABA3E /* Supporting Files */ = {
			isa = PBXGroup;
			children = (
				01BE26381DDB638500DABA3E /* main.m */,
			);
			name = "Supporting Files";
			sourceTree = "<group>";
		};
/* End PBXGroup section */

/* Begin PBXNativeTarget section */
		01BE26331DDB638500DABA3E /* MarvelQuiz */ = {
			isa = PBXNativeTarget;
			buildConfigurationList = 01BE264B1DDB638500DABA3E /* Build configuration list for PBXNativeTarget "MarvelQuiz" */;
			buildPhases = (
				01BE26301DDB638500DABA3E /* Sources */,
				01BE26311DDB638500DABA3E /* Frameworks */,
				01BE26321DDB638500DABA3E /* Resources */,
			);
			buildRules = (
			);
			dependencies = (
			);
			name = MarvelQuiz;
			productName = MarvelQuiz;
			productReference = 01BE26341DDB638500DABA3E /* MarvelQuiz.app */;
			productType = "com.apple.product-type.application";
		};
/* End PBXNativeTarget section */

/* Begin PBXProject section */
		01BE262C1DDB638500DABA3E /* Project object */ = {
			isa = PBXProject;
			attributes = {
				LastUpgradeCheck = 0810;
				ORGANIZATIONNAME = "Andrea Miotto";
				TargetAttributes = {
					01BE26331DDB638500DABA3E = {
						CreatedOnToolsVersion = 8.1;
						DevelopmentTeam = 23536XD8LD;
						ProvisioningStyle = Automatic;
					};
				};
			};
			buildConfigurationList = 01BE262F1DDB638500DABA3E /* Build configuration list for PBXProject "MarvelQuiz" */;
			compatibilityVersion = "Xcode 3.2";
			developmentRegion = English;
			hasScannedForEncodings = 0;
			knownRegions = (
				en,
				Base,
			);
			mainGroup = 01BE262B1DDB638500DABA3E;
			productRefGroup = 01BE26351DDB638500DABA3E /* Products */;
			projectDirPath = "";
			projectRoot = "";
			targets = (
				01BE26331DDB638500DABA3E /* MarvelQuiz */,
			);
		};
/* End PBXProject section */

/* Begin PBXResourcesBuildPhase section */
		01BE26321DDB638500DABA3E /* Resources */ = {
			isa = PBXResourcesBuildPhase;
			buildActionMask = 2147483647;
			files = (
				01BE26471DDB638500DABA3E /* LaunchScreen.storyboard in Resources */,
				01BE26441DDB638500DABA3E /* Assets.xcassets in Resources */,
				01BE26421DDB638500DABA3E /* Main.storyboard in Resources */,
			);
			runOnlyForDeploymentPostprocessing = 0;
		};
/* End PBXResourcesBuildPhase section */

/* Begin PBXSourcesBuildPhase section */
		01BE26301DDB638500DABA3E /* Sources */ = {
			isa = PBXSourcesBuildPhase;
			buildActionMask = 2147483647;
			files = (
				01BE263F1DDB638500DABA3E /* ViewController.m in Sources */,
				01BE263C1DDB638500DABA3E /* AppDelegate.m in Sources */,
				01BE26391DDB638500DABA3E /* main.m in Sources */,
			);
			runOnlyForDeploymentPostprocessing = 0;
		};
/* End PBXSourcesBuildPhase section */

/* Begin PBXVariantGroup section */
		01BE26401DDB638500DABA3E /* Main.storyboard */ = {
			isa = PBXVariantGroup;
			children = (
				01BE26411DDB638500DABA3E /* Base */,
			);
			name = Main.storyboard;
			sourceTree = "<group>";
		};
		01BE26451DDB638500DABA3E /* LaunchScreen.storyboard */ = {
			isa = PBXVariantGroup;
			children = (
				01BE26461DDB638500DABA3E /* Base */,
			);
			name = LaunchScreen.storyboard;
			sourceTree = "<group>";
		};
/* End PBXVariantGroup section */

/* Begin XCBuildConfiguration section */
		01BE26491DDB638500DABA3E /* Debug */ = {
			isa = XCBuildConfiguration;
			buildSettings = {
				ALWAYS_SEARCH_USER_PATHS = NO;
				CLANG_ANALYZER_NONNULL = YES;
				CLANG_CXX_LANGUAGE_STANDARD = "gnu++0x";
				CLANG_CXX_LIBRARY = "libc++";
				CLANG_ENABLE_MODULES = YES;
				CLANG_ENABLE_OBJC_ARC = YES;
				CLANG_WARN_BOOL_CONVERSION = YES;
				CLANG_WARN_CONSTANT_CONVERSION = YES;
				CLANG_WARN_DIRECT_OBJC_ISA_USAGE = YES_ERROR;
				CLANG_WARN_DOCUMENTATION_COMMENTS = YES;
				CLANG_WARN_EMPTY_BODY = YES;
				CLANG_WARN_ENUM_CONVERSION = YES;
				CLANG_WARN_INFINITE_RECURSION = YES;
				CLANG_WARN_INT_CONVERSION = YES;
				CLANG_WARN_OBJC_ROOT_CLASS = YES_ERROR;
				CLANG_WARN_SUSPICIOUS_MOVES = YES;
				CLANG_WARN_UNREACHABLE_CODE = YES;
				CLANG_WARN__DUPLICATE_METHOD_MATCH = YES;
				"CODE_SIGN_IDENTITY[sdk=iphoneos*]" = "iPhone Developer";
				COPY_PHASE_STRIP = NO;
				DEBUG_INFORMATION_FORMAT = dwarf;
				ENABLE_STRICT_OBJC_MSGSEND = YES;
				ENABLE_TESTABILITY = YES;
				GCC_C_LANGUAGE_STANDARD = gnu99;
				GCC_DYNAMIC_NO_PIC = NO;
				GCC_NO_COMMON_BLOCKS = YES;
				GCC_OPTIMIZATION_LEVEL = 0;
				GCC_PREPROCESSOR_DEFINITIONS = (
					"DEBUG=1",
					"$(inherited)",
				);
				GCC_WARN_64_TO_32_BIT_CONVERSION = YES;
				GCC_WARN_ABOUT_RETURN_TYPE = YES_ERROR;
				GCC_WARN_UNDECLARED_SELECTOR = YES;
				GCC_WARN_UNINITIALIZED_AUTOS = YES_AGGRESSIVE;
				GCC_WARN_UNUSED_FUNCTION = YES;
				GCC_WARN_UNUSED_VARIABLE = YES;
				IPHONEOS_DEPLOYMENT_TARGET = 10.1;
				MTL_ENABLE_DEBUG_INFO = YES;
				ONLY_ACTIVE_ARCH = YES;
				SDKROOT = iphoneos;
			};
			name = Debug;
		};
		01BE264A1DDB638500DABA3E /* Release */ = {
			isa = XCBuildConfiguration;
			buildSettings = {
				ALWAYS_SEARCH_USER_PATHS = NO;
				CLANG_ANALYZER_NONNULL = YES;
				CLANG_CXX_LANGUAGE_STANDARD = "gnu++0x";
				CLANG_CXX_LIBRARY = "libc++";
				CLANG_ENABLE_MODULES = YES;
				CLANG_ENABLE_OBJC_ARC = YES;
				CLANG_WARN_BOOL_CONVERSION = YES;
				CLANG_WARN_CONSTANT_CONVERSION = YES;
				CLANG_WARN_DIRECT_OBJC_ISA_USAGE = YES_ERROR;
				CLANG_WARN_DOCUMENTATION_COMMENTS = YES;
				CLANG_WARN_EMPTY_BODY = YES;
				CLANG_WARN_ENUM_CONVERSION = YES;
				CLANG_WARN_INFINITE_RECURSION = YES;
				CLANG_WARN_INT_CONVERSION = YES;
				CLANG_WARN_OBJC_ROOT_CLASS = YES_ERROR;
				CLANG_WARN_SUSPICIOUS_MOVES = YES;
				CLANG_WARN_UNREACHABLE_CODE = YES;
				CLANG_WARN__DUPLICATE_METHOD_MATCH = YES;
				"CODE_SIGN_IDENTITY[sdk=iphoneos*]" = "iPhone Developer";
				COPY_PHASE_STRIP = NO;
				DEBUG_INFORMATION_FORMAT = "dwarf-with-dsym";
				ENABLE_NS_ASSERTIONS = NO;
				ENABLE_STRICT_OBJC_MSGSEND = YES;
				GCC_C_LANGUAGE_STANDARD = gnu99;
				GCC_NO_COMMON_BLOCKS = YES;
				GCC_WARN_64_TO_32_BIT_CONVERSION = YES;
				GCC_WARN_ABOUT_RETURN_TYPE = YES_ERROR;
				GCC_WARN_UNDECLARED_SELECTOR = YES;
				GCC_WARN_UNINITIALIZED_AUTOS = YES_AGGRESSIVE;
				GCC_WARN_UNUSED_FUNCTION = YES;
				GCC_WARN_UNUSED_VARIABLE = YES;
				IPHONEOS_DEPLOYMENT_TARGET = 10.1;
				MTL_ENABLE_DEBUG_INFO = NO;
				SDKROOT = iphoneos;
				VALIDATE_PRODUCT = YES;
			};
			name = Release;
		};
		01BE264C1DDB638500DABA3E /* Debug */ = {
			isa = XCBuildConfiguration;
			buildSettings = {
				ASSETCATALOG_COMPILER_APPICON_NAME = AppIcon;
				DEVELOPMENT_TEAM = 23536XD8LD;
				INFOPLIST_FILE = MarvelQuiz/Info.plist;
				LD_RUNPATH_SEARCH_PATHS = "$(inherited) @executable_path/Frameworks";
				PRODUCT_BUNDLE_IDENTIFIER = "AndreaMiotto-com.github.MarvelQuiz";
				PRODUCT_NAME = "$(TARGET_NAME)";
			};
			name = Debug;
		};
		01BE264D1DDB638500DABA3E /* Release */ = {
			isa = XCBuildConfiguration;
			buildSettings = {
				ASSETCATALOG_COMPILER_APPICON_NAME = AppIcon;
				DEVELOPMENT_TEAM = 23536XD8LD;
				INFOPLIST_FILE = MarvelQuiz/Info.plist;
				LD_RUNPATH_SEARCH_PATHS = "$(inherited) @executable_path/Frameworks";
				PRODUCT_BUNDLE_IDENTIFIER = "AndreaMiotto-com.github.MarvelQuiz";
				PRODUCT_NAME = "$(TARGET_NAME)";
			};
			name = Release;
		};
/* End XCBuildConfiguration section */

/* Begin XCConfigurationList section */
		01BE262F1DDB638500DABA3E /* Build configuration list for PBXProject "MarvelQuiz" */ = {
			isa = XCConfigurationList;
			buildConfigurations = (
				01BE26491DDB638500DABA3E /* Debug */,
				01BE264A1DDB638500DABA3E /* Release */,
			);
			defaultConfigurationIsVisible = 0;
			defaultConfigurationName = Release;
		};
		01BE264B1DDB638500DABA3E /* Build configuration list for PBXNativeTarget "MarvelQuiz" */ = {
			isa = XCConfigurationList;
			buildConfigurations = (
				01BE264C1DDB638500DABA3E /* Debug */,
				01BE264D1DDB638500DABA3E /* Release */,
			);
			defaultConfigurationIsVisible = 0;
		};
/* End XCConfigurationList section */
	};
	rootObject = 01BE262C1DDB638500DABA3E /* Project object */;
}
